// !$*UTF8*$!
{
	archiveVersion = 1;
	classes = {
	};
	objectVersion = 45;
	objects = {

/* Begin PBXBuildFile section */
		D9264BE2304D528000D503F0 /* main.m in Sources */ = {isa = PBXBuildFile; fileRef = D9264BE1304D528000D503F0 /* main.m */; };
		D9264BED304D592E00D503F0 /* SIMASStandardLibrary.m in Sources */ = {isa = PBXBuildFile; fileRef = D9264BEC304D592E00D503F0 /* SIMASStandardLibrary.m */; };
		D9264C203051870200D503F0 /* SIMASCommandLine.m in Sources */ = {isa = PBXBuildFile; fileRef = D9264C1F3051870200D503F0 /* SIMASCommandLine.m */; };
		D9264C223051872A00D503F0 /* SIMASList.m in Sources */ = {isa = PBXBuildFile; fileRef = D9264C1A304E377000D503F0 /* SIMASList.m */; };
		D9264C353051915700D503F0 /* libsimas_runtime.a in Frameworks */ = {isa = PBXBuildFile; fileRef = D9264C2B3051914B00D503F0 /* libsimas_runtime.a */; };
		D9264C363051916200D503F0 /* SIMASVariable.h in Headers */ = {isa = PBXBuildFile; fileRef = D9264BE8304D534C00D503F0 /* SIMASVariable.h */; };
		D9264C373051916200D503F0 /* SIMASVariable.m in Sources */ = {isa = PBXBuildFile; fileRef = D9264BE9304D534C00D503F0 /* SIMASVariable.m */; };
		D9264C383051916200D503F0 /* SIMASRuntime.h in Headers */ = {isa = PBXBuildFile; fileRef = D9264BF1304D594800D503F0 /* SIMASRuntime.h */; };
		D9264C393051916200D503F0 /* SIMASRuntime.m in Sources */ = {isa = PBXBuildFile; fileRef = D9264BF2304D594800D503F0 /* SIMASRuntime.m */; };
		D9264C3A3051916200D503F0 /* SIMASFunction.h in Headers */ = {isa = PBXBuildFile; fileRef = D9264BF4304E05FA00D503F0 /* SIMASFunction.h */; };
		D9264C3B3051916200D503F0 /* SIMASFunction.m in Sources */ = {isa = PBXBuildFile; fileRef = D9264BF5304E05FA00D503F0 /* SIMASFunction.m */; };
/* End PBXBuildFile section */

/* Begin PBXCopyFilesBuildPhase section */
		D9264BDC304D528000D503F0 /* CopyFiles */ = {
			isa = PBXCopyFilesBuildPhase;
			buildActionMask = 2147483647;
			dstPath = /usr/share/man/man1/;
			dstSubfolderSpec = 0;
			files = (
			);
			runOnlyForDeploymentPostprocessing = 1;
		};
/* End PBXCopyFilesBuildPhase section */

/* Begin PBXFileReference section */
		D9264BDE304D528000D503F0 /* objectivismas */ = {isa = PBXFileReference; explicitFileType = "compiled.mach-o.executable"; includeInIndex = 0; path = objectivismas; sourceTree = BUILT_PRODUCTS_DIR; };
		D9264BE1304D528000D503F0 /* main.m */ = {isa = PBXFileReference; lastKnownFileType = sourcecode.c.objc; path = main.m; sourceTree = "<group>"; };
		D9264BE8304D534C00D503F0 /* SIMASVariable.h */ = {isa = PBXFileReference; lastKnownFileType = sourcecode.c.h; path = SIMASVariable.h; sourceTree = "<group>"; };
		D9264BE9304D534C00D503F0 /* SIMASVariable.m */ = {isa = PBXFileReference; lastKnownFileType = sourcecode.c.objc; path = SIMASVariable.m; sourceTree = "<group>"; usesTabs = 0; };
		D9264BEB304D592E00D503F0 /* SIMASStandardLibrary.h */ = {isa = PBXFileReference; lastKnownFileType = sourcecode.c.h; path = SIMASStandardLibrary.h; sourceTree = "<group>"; };
		D9264BEC304D592E00D503F0 /* SIMASStandardLibrary.m */ = {isa = PBXFileReference; lastKnownFileType = sourcecode.c.objc; path = SIMASStandardLibrary.m; sourceTree = "<group>"; };
		D9264BF1304D594800D503F0 /* SIMASRuntime.h */ = {isa = PBXFileReference; lastKnownFileType = sourcecode.c.h; path = SIMASRuntime.h; sourceTree = "<group>"; };
		D9264BF2304D594800D503F0 /* SIMASRuntime.m */ = {isa = PBXFileReference; lastKnownFileType = sourcecode.c.objc; path = SIMASRuntime.m; sourceTree = "<group>"; };
		D9264BF4304E05FA00D503F0 /* SIMASFunction.h */ = {isa = PBXFileReference; lastKnownFileType = sourcecode.c.h; path = SIMASFunction.h; sourceTree = "<group>"; };
		D9264BF5304E05FA00D503F0 /* SIMASFunction.m */ = {isa = PBXFileReference; lastKnownFileType = sourcecode.c.objc; path = SIMASFunction.m; sourceTree = "<group>"; };
		D9264C19304E377000D503F0 /* SIMASList.h */ = {isa = PBXFileReference; lastKnownFileType = sourcecode.c.h; path = SIMASList.h; sourceTree = "<group>"; };
		D9264C1A304E377000D503F0 /* SIMASList.m */ = {isa = PBXFileReference; lastKnownFileType = sourcecode.c.objc; path = SIMASList.m; sourceTree = "<group>"; };
		D9264C1C304F97F900D503F0 /* DOCS.md */ = {isa = PBXFileReference; lastKnownFileType = net.daringfireball.markdown; path = DOCS.md; sourceTree = "<group>"; };
		D9264C1D304F97F900D503F0 /* README.md */ = {isa = PBXFileReference; lastKnownFileType = net.daringfireball.markdown; path = README.md; sourceTree = "<group>"; };
		D9264C1E3051870200D503F0 /* SIMASCommandLine.h */ = {isa = PBXFileReference; lastKnownFileType = sourcecode.c.h; path = SIMASCommandLine.h; sourceTree = "<group>"; };
		D9264C1F3051870200D503F0 /* SIMASCommandLine.m */ = {isa = PBXFileReference; lastKnownFileType = sourcecode.c.objc; path = SIMASCommandLine.m; sourceTree = "<group>"; };
		D9264C2330518C7800D503F0 /* LIBRARIES.md */ = {isa = PBXFileReference; lastKnownFileType = net.daringfireball.markdown; path = LIBRARIES.md; sourceTree = "<group>"; };
		D9264C2B3051914B00D503F0 /* libsimas_runtime.a */ = {isa = PBXFileReference; explicitFileType = archive.ar; includeInIndex = 0; path = libsimas_runtime.a; sourceTree = BUILT_PRODUCTS_DIR; };
/* End PBXFileReference section */

/* Begin PBXFrameworksBuildPhase section */
		D9264BDB304D528000D503F0 /* Frameworks */ = {
			isa = PBXFrameworksBuildPhase;
			buildActionMask = 2147483647;
			files = (
				D9264C353051915700D503F0 /* libsimas_runtime.a in Frameworks */,
			);
			runOnlyForDeploymentPostprocessing = 0;
		};
		D9264C293051914B00D503F0 /* Frameworks */ = {
			isa = PBXFrameworksBuildPhase;
			buildActionMask = 2147483647;
			files = (
			);
			runOnlyForDeploymentPostprocessing = 0;
		};
/* End PBXFrameworksBuildPhase section */

/* Begin PBXGroup section */
		D9264BD5304D528000D503F0 = {
			isa = PBXGroup;
			children = (
				D9264C2430518EFA00D503F0 /* runtime */,
				D9264BE0304D528000D503F0 /* objectivismas */,
				D9264BDF304D528000D503F0 /* Products */,
				D9264C1C304F97F900D503F0 /* DOCS.md */,
				D9264C1D304F97F900D503F0 /* README.md */,
				D9264C2330518C7800D503F0 /* LIBRARIES.md */,
			);
			sourceTree = "<group>";
		};
		D9264BDF304D528000D503F0 /* Products */ = {
			isa = PBXGroup;
			children = (
				D9264BDE304D528000D503F0 /* objectivismas */,
				D9264C2B3051914B00D503F0 /* libsimas_runtime.a */,
			);
			name = Products;
			sourceTree = "<group>";
		};
		D9264BE0304D528000D503F0 /* objectivismas */ = {
			isa = PBXGroup;
			children = (
				D9264C3F305192DF00D503F0 /* src */,
				D9264C3E305192C100D503F0 /* headers */,
			);
			path = objectivismas;
			sourceTree = "<group>";
		};
		D9264C2430518EFA00D503F0 /* runtime */ = {
			isa = PBXGroup;
			children = (
				D9264C3C305191BD00D503F0 /* headers */,
				D9264C3D305191CC00D503F0 /* src */,
			);
			path = runtime;
			sourceTree = "<group>";
		};
		D9264C3C305191BD00D503F0 /* headers */ = {
			isa = PBXGroup;
			children = (
				D9264BE8304D534C00D503F0 /* SIMASVariable.h */,
				D9264BF1304D594800D503F0 /* SIMASRuntime.h */,
				D9264BF4304E05FA00D503F0 /* SIMASFunction.h */,
			);
			path = headers;
			sourceTree = "<group>";
		};
		D9264C3D305191CC00D503F0 /* src */ = {
			isa = PBXGroup;
			children = (
				D9264BE9304D534C00D503F0 /* SIMASVariable.m */,
				D9264BF2304D594800D503F0 /* SIMASRuntime.m */,
				D9264BF5304E05FA00D503F0 /* SIMASFunction.m */,
			);
			path = src;
			sourceTree = "<group>";
		};
		D9264C3E305192C100D503F0 /* headers */ = {
			isa = PBXGroup;
			children = (
				D9264C19304E377000D503F0 /* SIMASList.h */,
				D9264BEB304D592E00D503F0 /* SIMASStandardLibrary.h */,
				D9264C1E3051870200D503F0 /* SIMASCommandLine.h */,
			);
			path = headers;
			sourceTree = "<group>";
		};
		D9264C3F305192DF00D503F0 /* src */ = {
			isa = PBXGroup;
			children = (
				D9264C1A304E377000D503F0 /* SIMASList.m */,
				D9264BE1304D528000D503F0 /* main.m */,
				D9264BEC304D592E00D503F0 /* SIMASStandardLibrary.m */,
				D9264C1F3051870200D503F0 /* SIMASCommandLine.m */,
			);
			path = src;
			sourceTree = "<group>";
		};
/* End PBXGroup section */

/* Begin PBXHeadersBuildPhase section */
		D9264C273051914B00D503F0 /* Headers */ = {
			isa = PBXHeadersBuildPhase;
			buildActionMask = 2147483647;
			files = (
				D9264C3A3051916200D503F0 /* SIMASFunction.h in Headers */,
				D9264C383051916200D503F0 /* SIMASRuntime.h in Headers */,
				D9264C363051916200D503F0 /* SIMASVariable.h in Headers */,
			);
			runOnlyForDeploymentPostprocessing = 0;
		};
/* End PBXHeadersBuildPhase section */

/* Begin PBXNativeTarget section */
		D9264BDD304D528000D503F0 /* objectivismas */ = {
			isa = PBXNativeTarget;
			buildConfigurationList = D9264BE5304D528000D503F0 /* Build configuration list for PBXNativeTarget "objectivismas" */;
			buildPhases = (
				D9264BDA304D528000D503F0 /* Sources */,
				D9264BDB304D528000D503F0 /* Frameworks */,
				D9264BDC304D528000D503F0 /* CopyFiles */,
			);
			buildRules = (
			);
			dependencies = (
			);
			name = objectivismas;
			productName = objectivismas;
			productReference = D9264BDE304D528000D503F0 /* objectivismas */;
			productType = "com.apple.product-type.tool";
		};
		D9264C2A3051914B00D503F0 /* simas_runtime */ = {
			isa = PBXNativeTarget;
			buildConfigurationList = D9264C313051914B00D503F0 /* Build configuration list for PBXNativeTarget "simas_runtime" */;
			buildPhases = (
				D9264C273051914B00D503F0 /* Headers */,
				D9264C283051914B00D503F0 /* Sources */,
				D9264C293051914B00D503F0 /* Frameworks */,
			);
			buildRules = (
			);
			dependencies = (
			);
			name = simas_runtime;
			productName = simas_runtime;
			productReference = D9264C2B3051914B00D503F0 /* libsimas_runtime.a */;
			productType = "com.apple.product-type.library.static";
		};
/* End PBXNativeTarget section */

/* Begin PBXProject section */
		D9264BD6304D528000D503F0 /* Project object */ = {
			isa = PBXProject;
			attributes = {
				LastUpgradeCheck = 1030;
				ORGANIZATIONNAME = "Xander Gomez";
				TargetAttributes = {
					D9264BDD304D528000D503F0 = {
						CreatedOnToolsVersion = 10.3;
					};
					D9264C2A3051914B00D503F0 = {
						CreatedOnToolsVersion = 10.3;
					};
				};
			};
			buildConfigurationList = D9264BD9304D528000D503F0 /* Build configuration list for PBXProject "objectivismas" */;
			compatibilityVersion = "Xcode 3.1";
			developmentRegion = en;
			hasScannedForEncodings = 0;
			knownRegions = (
				en,
			);
			mainGroup = D9264BD5304D528000D503F0;
			productRefGroup = D9264BDF304D528000D503F0 /* Products */;
			projectDirPath = "";
			projectRoot = "";
			targets = (
				D9264BDD304D528000D503F0 /* objectivismas */,
				D9264C2A3051914B00D503F0 /* simas_runtime */,
			);
		};
/* End PBXProject section */

/* Begin PBXSourcesBuildPhase section */
		D9264BDA304D528000D503F0 /* Sources */ = {
			isa = PBXSourcesBuildPhase;
			buildActionMask = 2147483647;
			files = (
				D9264BE2304D528000D503F0 /* main.m in Sources */,
				D9264BED304D592E00D503F0 /* SIMASStandardLibrary.m in Sources */,
				D9264C223051872A00D503F0 /* SIMASList.m in Sources */,
				D9264C203051870200D503F0 /* SIMASCommandLine.m in Sources */,
			);
			runOnlyForDeploymentPostprocessing = 0;
		};
		D9264C283051914B00D503F0 /* Sources */ = {
			isa = PBXSourcesBuildPhase;
			buildActionMask = 2147483647;
			files = (
				D9264C3B3051916200D503F0 /* SIMASFunction.m in Sources */,
				D9264C393051916200D503F0 /* SIMASRuntime.m in Sources */,
				D9264C373051916200D503F0 /* SIMASVariable.m in Sources */,
			);
			runOnlyForDeploymentPostprocessing = 0;
		};
/* End PBXSourcesBuildPhase section */

/* Begin XCBuildConfiguration section */
		D9264BE3304D528000D503F0 /* Debug */ = {
			isa = XCBuildConfiguration;
			buildSettings = {
				ALWAYS_SEARCH_USER_PATHS = NO;
				CLANG_ANALYZER_NONNULL = YES;
				CLANG_ANALYZER_NUMBER_OBJECT_CONVERSION = YES_AGGRESSIVE;
				CLANG_CXX_LANGUAGE_STANDARD = "gnu++14";
				CLANG_CXX_LIBRARY = "libc++";
				CLANG_ENABLE_MODULES = YES;
				CLANG_ENABLE_OBJC_ARC = NO;
				CLANG_ENABLE_OBJC_WEAK = NO;
				CLANG_WARN_BLOCK_CAPTURE_AUTORELEASING = YES;
				CLANG_WARN_BOOL_CONVERSION = YES;
				CLANG_WARN_COMMA = YES;
				CLANG_WARN_CONSTANT_CONVERSION = YES;
				CLANG_WARN_DEPRECATED_OBJC_IMPLEMENTATIONS = YES;
				CLANG_WARN_DIRECT_OBJC_ISA_USAGE = YES_ERROR;
				CLANG_WARN_DOCUMENTATION_COMMENTS = YES;
				CLANG_WARN_EMPTY_BODY = YES;
				CLANG_WARN_ENUM_CONVERSION = YES;
				CLANG_WARN_INFINITE_RECURSION = YES;
				CLANG_WARN_INT_CONVERSION = YES;
				CLANG_WARN_NON_LITERAL_NULL_CONVERSION = YES;
				CLANG_WARN_OBJC_IMPLICIT_RETAIN_SELF = YES;
				CLANG_WARN_OBJC_LITERAL_CONVERSION = NO;
				CLANG_WARN_OBJC_ROOT_CLASS = YES_ERROR;
				CLANG_WARN_RANGE_LOOP_ANALYSIS = YES;
				CLANG_WARN_STRICT_PROTOTYPES = YES;
				CLANG_WARN_SUSPICIOUS_MOVE = YES;
				CLANG_WARN_UNGUARDED_AVAILABILITY = YES_AGGRESSIVE;
				CLANG_WARN_UNREACHABLE_CODE = YES;
				CLANG_WARN__DUPLICATE_METHOD_MATCH = YES;
				CODE_SIGN_IDENTITY = "-";
				COPY_PHASE_STRIP = NO;
				DEBUG_INFORMATION_FORMAT = dwarf;
				ENABLE_STRICT_OBJC_MSGSEND = YES;
				ENABLE_TESTABILITY = YES;
				GCC_C_LANGUAGE_STANDARD = c99;
				GCC_DYNAMIC_NO_PIC = NO;
				GCC_NO_COMMON_BLOCKS = YES;
				GCC_OPTIMIZATION_LEVEL = 0;
				GCC_PREPROCESSOR_DEFINITIONS = (
					"DEBUG=1",
					"$(inherited)",
				);
				GCC_WARN_64_TO_32_BIT_CONVERSION = YES;
				GCC_WARN_ABOUT_RETURN_TYPE = YES_ERROR;
				GCC_WARN_UNDECLARED_SELECTOR = YES;
				GCC_WARN_UNINITIALIZED_AUTOS = YES_AGGRESSIVE;
				GCC_WARN_UNUSED_FUNCTION = YES;
				GCC_WARN_UNUSED_VARIABLE = YES;
				HEADER_SEARCH_PATHS = "$(SRCROOT)/runtime/headers";
				MACOSX_DEPLOYMENT_TARGET = 10.6;
				MTL_ENABLE_DEBUG_INFO = INCLUDE_SOURCE;
				MTL_FAST_MATH = YES;
				ONLY_ACTIVE_ARCH = YES;
				SDKROOT = macosx;
			};
			name = Debug;
		};
		D9264BE4304D528000D503F0 /* Release */ = {
			isa = XCBuildConfiguration;
			buildSettings = {
				ALWAYS_SEARCH_USER_PATHS = NO;
				CLANG_ANALYZER_NONNULL = YES;
				CLANG_ANALYZER_NUMBER_OBJECT_CONVERSION = YES_AGGRESSIVE;
				CLANG_CXX_LANGUAGE_STANDARD = "gnu++14";
				CLANG_CXX_LIBRARY = "libc++";
				CLANG_ENABLE_MODULES = YES;
				CLANG_ENABLE_OBJC_ARC = NO;
				CLANG_ENABLE_OBJC_WEAK = NO;
				CLANG_WARN_BLOCK_CAPTURE_AUTORELEASING = YES;
				CLANG_WARN_BOOL_CONVERSION = YES;
				CLANG_WARN_COMMA = YES;
				CLANG_WARN_CONSTANT_CONVERSION = YES;
				CLANG_WARN_DEPRECATED_OBJC_IMPLEMENTATIONS = YES;
				CLANG_WARN_DIRECT_OBJC_ISA_USAGE = YES_ERROR;
				CLANG_WARN_DOCUMENTATION_COMMENTS = YES;
				CLANG_WARN_EMPTY_BODY = YES;
				CLANG_WARN_ENUM_CONVERSION = YES;
				CLANG_WARN_INFINITE_RECURSION = YES;
				CLANG_WARN_INT_CONVERSION = YES;
				CLANG_WARN_NON_LITERAL_NULL_CONVERSION = YES;
				CLANG_WARN_OBJC_IMPLICIT_RETAIN_SELF = YES;
				CLANG_WARN_OBJC_LITERAL_CONVERSION = NO;
				CLANG_WARN_OBJC_ROOT_CLASS = YES_ERROR;
				CLANG_WARN_RANGE_LOOP_ANALYSIS = YES;
				CLANG_WARN_STRICT_PROTOTYPES = YES;
				CLANG_WARN_SUSPICIOUS_MOVE = YES;
				CLANG_WARN_UNGUARDED_AVAILABILITY = YES_AGGRESSIVE;
				CLANG_WARN_UNREACHABLE_CODE = YES;
				CLANG_WARN__DUPLICATE_METHOD_MATCH = YES;
				CODE_SIGN_IDENTITY = "-";
				COPY_PHASE_STRIP = NO;
				DEBUG_INFORMATION_FORMAT = "dwarf-with-dsym";
				ENABLE_NS_ASSERTIONS = NO;
				ENABLE_STRICT_OBJC_MSGSEND = YES;
				GCC_C_LANGUAGE_STANDARD = c99;
				GCC_NO_COMMON_BLOCKS = YES;
				GCC_WARN_64_TO_32_BIT_CONVERSION = YES;
				GCC_WARN_ABOUT_RETURN_TYPE = YES_ERROR;
				GCC_WARN_UNDECLARED_SELECTOR = YES;
				GCC_WARN_UNINITIALIZED_AUTOS = YES_AGGRESSIVE;
				GCC_WARN_UNUSED_FUNCTION = YES;
				GCC_WARN_UNUSED_VARIABLE = YES;
				HEADER_SEARCH_PATHS = "$(SRCROOT)/runtime/headers";
				MACOSX_DEPLOYMENT_TARGET = 10.6;
				MTL_ENABLE_DEBUG_INFO = NO;
				MTL_FAST_MATH = YES;
				SDKROOT = macosx;
			};
			name = Release;
		};
		D9264BE6304D528000D503F0 /* Debug */ = {
			isa = XCBuildConfiguration;
			buildSettings = {
				CODE_SIGN_STYLE = Automatic;
				HEADER_SEARCH_PATHS = (
					"$(SRCROOT)/runtime/headers",
					"$(SRCROOT)/objectivismas/headers",
				);
				PRODUCT_NAME = "$(TARGET_NAME)";
			};
			name = Debug;
		};
		D9264BE7304D528000D503F0 /* Release */ = {
			isa = XCBuildConfiguration;
			buildSettings = {
				CODE_SIGN_STYLE = Automatic;
				HEADER_SEARCH_PATHS = (
					"$(SRCROOT)/runtime/headers",
					"$(SRCROOT)/objectivismas/headers",
				);
				PRODUCT_NAME = "$(TARGET_NAME)";
			};
			name = Release;
		};
		D9264C323051914B00D503F0 /* Debug */ = {
			isa = XCBuildConfiguration;
			buildSettings = {
				CLANG_ENABLE_OBJC_ARC = NO;
				CLANG_ENABLE_OBJC_WEAK = NO;
				CLANG_WARN_OBJC_LITERAL_CONVERSION = YES;
				CODE_SIGN_STYLE = Automatic;
				EXECUTABLE_PREFIX = lib;
				GCC_C_LANGUAGE_STANDARD = c99;
				HEADER_SEARCH_PATHS = "$(SRCROOT)/runtime/headers";
				MACOSX_DEPLOYMENT_TARGET = 10.6;
				PRODUCT_NAME = "$(TARGET_NAME)";
				SKIP_INSTALL = YES;
			};
			name = Debug;
		};
		D9264C333051914B00D503F0 /* Release */ = {
			isa = XCBuildConfiguration;
			buildSettings = {
				CLANG_ENABLE_OBJC_ARC = NO;
				CLANG_ENABLE_OBJC_WEAK = NO;
				CLANG_WARN_OBJC_LITERAL_CONVERSION = YES;
				CODE_SIGN_STYLE = Automatic;
				EXECUTABLE_PREFIX = lib;
				GCC_C_LANGUAGE_STANDARD = c99;
				HEADER_SEARCH_PATHS = "$(SRCROOT)/runtime/headers";
				MACOSX_DEPLOYMENT_TARGET = 10.6;
				PRODUCT_NAME = "$(TARGET_NAME)";
				SKIP_INSTALL = YES;
			};
			name = Release;
		};
/* End XCBuildConfiguration section */

/* Begin XCConfigurationList section */
		D9264BD9304D528000D503F0 /* Build configuration list for PBXProject "objectivismas" */ = {
			isa = XCConfigurationList;
			buildConfigurations = (
				D9264BE3304D528000D503F0 /* Debug */,
				D9264BE4304D528000D503F0 /* Release */,
			);
			defaultConfigurationIsVisible = 0;
			defaultConfigurationName = Release;
		};
		D9264BE5304D528000D503F0 /* Build configuration list for PBXNativeTarget "objectivismas" */ = {
			isa = XCConfigurationList;
			buildConfigurations = (
				D9264BE6304D528000D503F0 /* Debug */,
				D9264BE7304D528000D503F0 /* Release */,
			);
			defaultConfigurationIsVisible = 0;
			defaultConfigurationName = Release;
		};
		D9264C313051914B00D503F0 /* Build configuration list for PBXNativeTarget "simas_runtime" */ = {
			isa = XCConfigurationList;
			buildConfigurations = (
				D9264C323051914B00D503F0 /* Debug */,
				D9264C333051914B00D503F0 /* Release */,
			);
			defaultConfigurationIsVisible = 0;
			defaultConfigurationName = Release;
		};
/* End XCConfigurationList section */
	};
	rootObject = D9264BD6304D528000D503F0 /* Project object */;
}
